
Microsoft Visual Studio Solution File, Format Version 12.00
# Visual Studio 15
Project("{FAE04EC0-301F-11D3-BF4B-00C04F79EFBC}") = "strings", "strings\strings.csproj", "{28AEEF47-5FF6-4DA2-AEAD-FF93BE8CC3CE}"
EndProject
Global
	GlobalSection(SolutionConfigurationPlatforms) = preSolution
		Debug|anycpu = Debug|anycpu
		Release|anycpu = Release|anycpu
	EndGlobalSection
	GlobalSection(ProjectConfigurationPlatforms) = postSolution
		{28AEEF47-5FF6-4DA2-AEAD-FF93BE8CC3CE}.Debug|anycpu.ActiveCfg = Debug|anycpu
		{28AEEF47-5FF6-4DA2-AEAD-FF93BE8CC3CE}.Debug|anycpu.Build.0 = Debug|anycpu
		{28AEEF47-5FF6-4DA2-AEAD-FF93BE8CC3CE}.Release|anycpu.ActiveCfg = Release|anycpu
		{28AEEF47-5FF6-4DA2-AEAD-FF93BE8CC3CE}.Release|anycpu.Build.0 = Release|anycpu
	EndGlobalSection
EndGlobal
