Microsoft Visual Studio Solution File, Format Version 12.00
# Visual Studio Version 16
VisualStudioVersion = 16.0.30204.135
MinimumVisualStudioVersion = 10.0.40219.1
Project("{FAE04EC0-301F-11D3-BF4B-00C04F79EFBC}") = "variablesAndConstants", "variablesAndConstants\variablesAndConstants.csproj", "{C01264B7-71E2-4518-95EF-D7962D17DE42}"
EndProject
Global
	GlobalSection(SolutionConfigurationPlatforms) = preSolution
		Debug|anycpu = Debug|anycpu
		Release|anycpu = Release|anycpu
	EndGlobalSection
	GlobalSection(ProjectConfigurationPlatforms) = postSolution
		{C01264B7-71E2-4518-95EF-D7962D17DE42}.Debug|anycpu.ActiveCfg = Debug|Any CPU
		{C01264B7-71E2-4518-95EF-D7962D17DE42}.Debug|anycpu.Build.0 = Debug|Any CPU
		{C01264B7-71E2-4518-95EF-D7962D17DE42}.Release|anycpu.ActiveCfg = Release|Any CPU
		{C01264B7-71E2-4518-95EF-D7962D17DE42}.Release|anycpu.Build.0 = Release|Any CPU
	EndGlobalSection
	GlobalSection(SolutionProperties) = preSolution
		HideSolutionNode = FALSE
	EndGlobalSection
	GlobalSection(ExtensibilityGlobals) = postSolution
		SolutionGuid = {EBE70247-6214-4311-8E3F-E828C319116A}
	EndGlobalSection
EndGlobal
