
Microsoft Visual Studio Solution File, Format Version 12.00
# Visual Studio 15
Project("{FAE04EC0-301F-11D3-BF4B-00C04F79EFBC}") = "referenceAndValueTypes", "referenceAndValueTypes\referenceAndValueTypes.csproj", "{4973DF1C-4F15-458E-9A58-A09065FE6CE2}"
EndProject
Global
	GlobalSection(SolutionConfigurationPlatforms) = preSolution
		Debug|anycpu = Debug|anycpu
		Release|anycpu = Release|anycpu
	EndGlobalSection
	GlobalSection(ProjectConfigurationPlatforms) = postSolution
		{4973DF1C-4F15-458E-9A58-A09065FE6CE2}.Debug|anycpu.ActiveCfg = Debug|anycpu
		{4973DF1C-4F15-458E-9A58-A09065FE6CE2}.Debug|anycpu.Build.0 = Debug|anycpu
		{4973DF1C-4F15-458E-9A58-A09065FE6CE2}.Release|anycpu.ActiveCfg = Release|anycpu
		{4973DF1C-4F15-458E-9A58-A09065FE6CE2}.Release|anycpu.Build.0 = Release|anycpu
	EndGlobalSection
EndGlobal
