Microsoft Visual Studio Solution File, Format Version 12.00
# Visual Studio Version 16
VisualStudioVersion = 16.0.30204.135
MinimumVisualStudioVersion = 10.0.40219.1
Project("{FAE04EC0-301F-11D3-BF4B-00C04F79EFBC}") = "TypeConversion", "TypeConversion\TypeConversion.csproj", "{DF598E3B-1A32-4ED7-8016-6B9FC92B3F4B}"
EndProject
Global
	GlobalSection(SolutionConfigurationPlatforms) = preSolution
		Debug|anycpu = Debug|anycpu
		Release|anycpu = Release|anycpu
	EndGlobalSection
	GlobalSection(ProjectConfigurationPlatforms) = postSolution
		{DF598E3B-1A32-4ED7-8016-6B9FC92B3F4B}.Debug|anycpu.ActiveCfg = Debug|Any CPU
		{DF598E3B-1A32-4ED7-8016-6B9FC92B3F4B}.Debug|anycpu.Build.0 = Debug|Any CPU
		{DF598E3B-1A32-4ED7-8016-6B9FC92B3F4B}.Release|anycpu.ActiveCfg = Release|Any CPU
		{DF598E3B-1A32-4ED7-8016-6B9FC92B3F4B}.Release|anycpu.Build.0 = Release|Any CPU
	EndGlobalSection
	GlobalSection(SolutionProperties) = preSolution
		HideSolutionNode = FALSE
	EndGlobalSection
	GlobalSection(ExtensibilityGlobals) = postSolution
		SolutionGuid = {5577B982-AFED-4303-B115-BCC42EBDD752}
	EndGlobalSection
EndGlobal
