
Microsoft Visual Studio Solution File, Format Version 12.00
# Visual Studio 15
Project("{FAE04EC0-301F-11D3-BF4B-00C04F79EFBC}") = "ifElseSwitchStatements", "ifElseSwitchStatements\ifElseSwitchStatements.csproj", "{962859A2-BD73-46F6-97DB-142C71533A4E}"
EndProject
Global
	GlobalSection(SolutionConfigurationPlatforms) = preSolution
		Debug|anycpu = Debug|anycpu
		Release|anycpu = Release|anycpu
	EndGlobalSection
	GlobalSection(ProjectConfigurationPlatforms) = postSolution
		{962859A2-BD73-46F6-97DB-142C71533A4E}.Debug|anycpu.ActiveCfg = Debug|anycpu
		{962859A2-BD73-46F6-97DB-142C71533A4E}.Debug|anycpu.Build.0 = Debug|anycpu
		{962859A2-BD73-46F6-97DB-142C71533A4E}.Release|anycpu.ActiveCfg = Release|anycpu
		{962859A2-BD73-46F6-97DB-142C71533A4E}.Release|anycpu.Build.0 = Release|anycpu
	EndGlobalSection
EndGlobal
