
Microsoft Visual Studio Solution File, Format Version 12.00
# Visual Studio 15
Project("{FAE04EC0-301F-11D3-BF4B-00C04F79EFBC}") = "LIstEx5", "LIstEx5\LIstEx5.csproj", "{146D51F2-0989-41E8-8DCF-1AD2F2484CF7}"
EndProject
Global
	GlobalSection(SolutionConfigurationPlatforms) = preSolution
		Debug|anycpu = Debug|anycpu
		Release|anycpu = Release|anycpu
	EndGlobalSection
	GlobalSection(ProjectConfigurationPlatforms) = postSolution
		{146D51F2-0989-41E8-8DCF-1AD2F2484CF7}.Debug|anycpu.ActiveCfg = Debug|anycpu
		{146D51F2-0989-41E8-8DCF-1AD2F2484CF7}.Debug|anycpu.Build.0 = Debug|anycpu
		{146D51F2-0989-41E8-8DCF-1AD2F2484CF7}.Release|anycpu.ActiveCfg = Release|anycpu
		{146D51F2-0989-41E8-8DCF-1AD2F2484CF7}.Release|anycpu.Build.0 = Release|anycpu
	EndGlobalSection
EndGlobal
